
Microsoft Visual Studio Solution File, Format Version 12.00
# Visual Studio Version 17
VisualStudioVersion = 17.3.32811.315
MinimumVisualStudioVersion = 10.0.40219.1
Project("{FAE04EC0-301F-11D3-BF4B-00C04F79EFBC}") = "SuggestedClasses", "SuggestedClasses.csproj", "{42332D83-305F-41E0-BEAD-F5FF9024CF7D}"
EndProject
Global
	GlobalSection(SolutionConfigurationPlatforms) = preSolution
		Debug|Any CPU = Debug|Any CPU
		Release|Any CPU = Release|Any CPU
	EndGlobalSection
	GlobalSection(ProjectConfigurationPlatforms) = postSolution
		{42332D83-305F-41E0-BEAD-F5FF9024CF7D}.Debug|Any CPU.ActiveCfg = Debug|Any CPU
		{42332D83-305F-41E0-BEAD-F5FF9024CF7D}.Debug|Any CPU.Build.0 = Debug|Any CPU
		{42332D83-305F-41E0-BEAD-F5FF9024CF7D}.Release|Any CPU.ActiveCfg = Release|Any CPU
		{42332D83-305F-41E0-BEAD-F5FF9024CF7D}.Release|Any CPU.Build.0 = Release|Any CPU
	EndGlobalSection
	GlobalSection(SolutionProperties) = preSolution
		HideSolutionNode = FALSE
	EndGlobalSection
	GlobalSection(ExtensibilityGlobals) = postSolution
		SolutionGuid = {C63643CF-1F4C-4120-B37F-EAF3D1465E57}
	EndGlobalSection
EndGlobal
