
Microsoft Visual Studio Solution File, Format Version 12.00
# Visual Studio Version 17
VisualStudioVersion = 17.3.32811.315
MinimumVisualStudioVersion = 10.0.40219.1
Project("{FAE04EC0-301F-11D3-BF4B-00C04F79EFBC}") = "ConsoleApp1", "ConsoleApp1.csproj", "{84CB9B4F-8966-4B76-A429-A7A316F88362}"
EndProject
Global
	GlobalSection(SolutionConfigurationPlatforms) = preSolution
		Debug|Any CPU = Debug|Any CPU
		Release|Any CPU = Release|Any CPU
	EndGlobalSection
	GlobalSection(ProjectConfigurationPlatforms) = postSolution
		{84CB9B4F-8966-4B76-A429-A7A316F88362}.Debug|Any CPU.ActiveCfg = Debug|Any CPU
		{84CB9B4F-8966-4B76-A429-A7A316F88362}.Debug|Any CPU.Build.0 = Debug|Any CPU
		{84CB9B4F-8966-4B76-A429-A7A316F88362}.Release|Any CPU.ActiveCfg = Release|Any CPU
		{84CB9B4F-8966-4B76-A429-A7A316F88362}.Release|Any CPU.Build.0 = Release|Any CPU
	EndGlobalSection
	GlobalSection(SolutionProperties) = preSolution
		HideSolutionNode = FALSE
	EndGlobalSection
	GlobalSection(ExtensibilityGlobals) = postSolution
		SolutionGuid = {863C1652-7522-4549-A65C-CC8557A427E0}
	EndGlobalSection
EndGlobal
